
Microsoft Visual Studio Solution File, Format Version 12.00
# Visual Studio Version 17
VisualStudioVersion = 17.1.32414.318
MinimumVisualStudioVersion = 10.0.40219.1
Project("{FAE04EC0-301F-11D3-BF4B-00C04F79EFBC}") = "Autorotation-maneuver", "Autorotation-maneuver\Autorotation-maneuver.csproj", "{A327A483-A618-4D74-9647-10AFE3CD7DA5}"
EndProject
Global
	GlobalSection(SolutionConfigurationPlatforms) = preSolution
		Debug|Any CPU = Debug|Any CPU
		Release|Any CPU = Release|Any CPU
	EndGlobalSection
	GlobalSection(ProjectConfigurationPlatforms) = postSolution
		{A327A483-A618-4D74-9647-10AFE3CD7DA5}.Debug|Any CPU.ActiveCfg = Debug|Any CPU
		{A327A483-A618-4D74-9647-10AFE3CD7DA5}.Debug|Any CPU.Build.0 = Debug|Any CPU
		{A327A483-A618-4D74-9647-10AFE3CD7DA5}.Release|Any CPU.ActiveCfg = Release|Any CPU
		{A327A483-A618-4D74-9647-10AFE3CD7DA5}.Release|Any CPU.Build.0 = Release|Any CPU
	EndGlobalSection
	GlobalSection(SolutionProperties) = preSolution
		HideSolutionNode = FALSE
	EndGlobalSection
	GlobalSection(ExtensibilityGlobals) = postSolution
		SolutionGuid = {0866D9C2-8315-43E7-B6C8-5165CC44D4FF}
	EndGlobalSection
EndGlobal
